
Microsoft Visual Studio Solution File, Format Version 12.00
# Visual Studio Version 17
VisualStudioVersion = 17.12.35323.107
MinimumVisualStudioVersion = 10.0.40219.1
Project("{FAE04EC0-301F-11D3-BF4B-00C04F79EFBC}") = "HttpTrigger", "HttpTrigger\HttpTrigger.csproj", "{E845260D-3FF8-4696-BA9E-7E189D0B2467}"
EndProject
Project("{FAE04EC0-301F-11D3-BF4B-00C04F79EFBC}") = "ServiceBusQueueTrigger", "ServiceBusQueueTrigger\ServiceBusQueueTrigger.csproj", "{C81EE782-7260-4A01-982F-E0C4DB081D71}"
EndProject
Global
	GlobalSection(SolutionConfigurationPlatforms) = preSolution
		Debug|Any CPU = Debug|Any CPU
		Release|Any CPU = Release|Any CPU
	EndGlobalSection
	GlobalSection(ProjectConfigurationPlatforms) = postSolution
		{E845260D-3FF8-4696-BA9E-7E189D0B2467}.Debug|Any CPU.ActiveCfg = Debug|Any CPU
		{E845260D-3FF8-4696-BA9E-7E189D0B2467}.Debug|Any CPU.Build.0 = Debug|Any CPU
		{E845260D-3FF8-4696-BA9E-7E189D0B2467}.Release|Any CPU.ActiveCfg = Release|Any CPU
		{E845260D-3FF8-4696-BA9E-7E189D0B2467}.Release|Any CPU.Build.0 = Release|Any CPU
		{C81EE782-7260-4A01-982F-E0C4DB081D71}.Debug|Any CPU.ActiveCfg = Debug|Any CPU
		{C81EE782-7260-4A01-982F-E0C4DB081D71}.Debug|Any CPU.Build.0 = Debug|Any CPU
		{C81EE782-7260-4A01-982F-E0C4DB081D71}.Release|Any CPU.ActiveCfg = Release|Any CPU
		{C81EE782-7260-4A01-982F-E0C4DB081D71}.Release|Any CPU.Build.0 = Release|Any CPU
	EndGlobalSection
	GlobalSection(SolutionProperties) = preSolution
		HideSolutionNode = FALSE
	EndGlobalSection
	GlobalSection(ExtensibilityGlobals) = postSolution
		SolutionGuid = {66D5ADAA-E17C-48EB-B393-E75B1972C800}
	EndGlobalSection
EndGlobal
